
Microsoft Visual Studio Solution File, Format Version 12.00
# Visual Studio Version 16
VisualStudioVersion = 16.0.29509.3
MinimumVisualStudioVersion = 10.0.40219.1
Project("{9A19103F-16F7-4668-BE54-9A1E7A4F7556}") = "Api", "src\Api\Api.csproj", "{7C7DD65D-38DD-403E-BB99-DFFC5728C4A1}"
EndProject
Project("{FAE04EC0-301F-11D3-BF4B-00C04F79EFBC}") = "DomainServices", "src\DomainServices\DomainServices.csproj", "{5514ED5E-DF51-4474-B472-86EF5DDECE61}"
EndProject
Project("{FAE04EC0-301F-11D3-BF4B-00C04F79EFBC}") = "Models", "src\Models\Models.csproj", "{5D5651D3-26A0-41D3-9789-F14285711D80}"
EndProject
Project("{FAE04EC0-301F-11D3-BF4B-00C04F79EFBC}") = "Web", "src\Web\Web.csproj", "{281E842A-A819-433D-8AC1-7F525429E57F}"
EndProject
Global
	GlobalSection(SolutionConfigurationPlatforms) = preSolution
		Debug|Any CPU = Debug|Any CPU
		Release|Any CPU = Release|Any CPU
	EndGlobalSection
	GlobalSection(ProjectConfigurationPlatforms) = postSolution
		{7C7DD65D-38DD-403E-BB99-DFFC5728C4A1}.Debug|Any CPU.ActiveCfg = Debug|Any CPU
		{7C7DD65D-38DD-403E-BB99-DFFC5728C4A1}.Debug|Any CPU.Build.0 = Debug|Any CPU
		{7C7DD65D-38DD-403E-BB99-DFFC5728C4A1}.Release|Any CPU.ActiveCfg = Release|Any CPU
		{7C7DD65D-38DD-403E-BB99-DFFC5728C4A1}.Release|Any CPU.Build.0 = Release|Any CPU
		{5514ED5E-DF51-4474-B472-86EF5DDECE61}.Debug|Any CPU.ActiveCfg = Debug|Any CPU
		{5514ED5E-DF51-4474-B472-86EF5DDECE61}.Debug|Any CPU.Build.0 = Debug|Any CPU
		{5514ED5E-DF51-4474-B472-86EF5DDECE61}.Release|Any CPU.ActiveCfg = Release|Any CPU
		{5514ED5E-DF51-4474-B472-86EF5DDECE61}.Release|Any CPU.Build.0 = Release|Any CPU
		{5D5651D3-26A0-41D3-9789-F14285711D80}.Debug|Any CPU.ActiveCfg = Debug|Any CPU
		{5D5651D3-26A0-41D3-9789-F14285711D80}.Debug|Any CPU.Build.0 = Debug|Any CPU
		{5D5651D3-26A0-41D3-9789-F14285711D80}.Release|Any CPU.ActiveCfg = Release|Any CPU
		{5D5651D3-26A0-41D3-9789-F14285711D80}.Release|Any CPU.Build.0 = Release|Any CPU
		{281E842A-A819-433D-8AC1-7F525429E57F}.Debug|Any CPU.ActiveCfg = Debug|Any CPU
		{281E842A-A819-433D-8AC1-7F525429E57F}.Debug|Any CPU.Build.0 = Debug|Any CPU
		{281E842A-A819-433D-8AC1-7F525429E57F}.Release|Any CPU.ActiveCfg = Release|Any CPU
		{281E842A-A819-433D-8AC1-7F525429E57F}.Release|Any CPU.Build.0 = Release|Any CPU
	EndGlobalSection
	GlobalSection(SolutionProperties) = preSolution
		HideSolutionNode = FALSE
	EndGlobalSection
	GlobalSection(ExtensibilityGlobals) = postSolution
		SolutionGuid = {1A0D4438-9014-4EC5-AFD0-A7445C69DAD6}
	EndGlobalSection
EndGlobal
